<?xml version="1.0" encoding="utf-8"?>
<Project ToolsVersion="4.0" xmlns="http://schemas.microsoft.com/developer/msbuild/2003">
  <ItemGroup>
    <ClCompile Include="src\winmain.cpp" />
    <ClCompile Include="src\common\common.cpp" />
    <ClCompile Include="src\graphics\WICTextureLoader.cpp" />
    <ClCompile Include="src\graphics\Texture.cpp" />
    <ClCompile Include="src\graphics\Direct3D11.cpp" />
    <ClCompile Include="src\input\Keyboard.cpp" />
    <ClCompile Include="src\input\Mouse.cpp" />
    <ClCompile Include="src\imgui\imgui.cpp" />
    <ClCompile Include="src\imgui\imgui_demo.cpp" />
    <ClCompile Include="src\imgui\imgui_draw.cpp" />
    <ClCompile Include="src\imgui\imgui_impl_dx11.cpp" />
    <ClCompile Include="src\graphics\Camera.cpp" />
    <ClCompile Include="src\graphics\Model.cpp" />
    <ClCompile Include="src\graphics\Helpers\GeometryGenerator.cpp" />
    <ClCompile Include="src\graphics\Shaders\BasicShader.cpp" />
    <ClCompile Include="src\graphics\Shaders\TextureLightShader.cpp" />
    <ClCompile Include="src\graphics\interfaces\GameObject.cpp" />
    <ClCompile Include="src\graphics\Shaders\BatchShader.cpp" />
    <ClCompile Include="src\graphics\RenderTexture.cpp" />
    <ClCompile Include="src\common\Globals.cpp" />
    <ClCompile Include="src\graphics\Shaders\TextureShader.cpp" />
    <ClCompile Include="src\graphics\Square.cpp" />
    <ClCompile Include="src\graphics\Helpers\BatchRenderer.cpp" />
    <ClCompile Include="src\graphics\interfaces\ICamera.cpp" />
    <ClCompile Include="src\graphics\DDSTextureLoader.cpp" />
    <ClCompile Include="src\graphics\Shaders\DisplacementShader.cpp" />
    <ClCompile Include="src\graphics\interfaces\Shader.cpp" />
    <ClCompile Include="src\graphics\Shaders\EmptyShader.cpp" />
    <ClCompile Include="src\COM\COMManager.cpp" />
    <ClCompile Include="src\common\commonmath.cpp" />
    <ClCompile Include="src\graphics\Projection.cpp" />
    <ClCompile Include="src\Game.cpp" />
    <ClCompile Include="src\physics\World.cpp" />
    <ClCompile Include="src\physics\CollisionObject.cpp" />
    <ClCompile Include="src\physics\PhysicsDebugDraw.cpp" />
    <ClCompile Include="src\graphics\Helpers\GraphicsDebugDraw.cpp" />
    <ClCompile Include="src\common\Bezier\BezierEasing.cpp" />
  </ItemGroup>
  <ItemGroup>
    <ClInclude Include="src\common\commonmath.h" />
    <ClInclude Include="src\common\common.h" />
    <ClInclude Include="src\OblivionInclude.h" />
    <ClInclude Include="src\graphics\WICTextureLoader.h" />
    <ClInclude Include="src\graphics\Texture.h" />
    <ClInclude Include="src\graphics\Direct3D11.h" />
    <ClInclude Include="src\Game.h" />
    <ClInclude Include="src\input\Keyboard.h" />
    <ClInclude Include="src\input\Mouse.h" />
    <ClInclude Include="src\input\PlatformHelpers.h" />
    <ClInclude Include="src\imgui\imconfig.h" />
    <ClInclude Include="src\imgui\imgui.h" />
    <ClInclude Include="src\imgui\imgui_impl_dx11.h" />
    <ClInclude Include="src\imgui\imgui_internal.h" />
    <ClInclude Include="src\imgui\stb_rect_pack.h" />
    <ClInclude Include="src\imgui\stb_textedit.h" />
    <ClInclude Include="src\imgui\stb_truetype.h" />
    <ClInclude Include="src\graphics\interfaces\Shader.h" />
    <ClInclude Include="src\graphics\interfaces\GameObject.h" />
    <ClInclude Include="src\graphics\interfaces\AlignedObject.h" />
    <ClInclude Include="src\graphics\Camera.h" />
    <ClInclude Include="src\graphics\Model.h" />
    <ClInclude Include="src\graphics\Helpers\ShaderHelper.h" />
    <ClInclude Include="src\graphics\Helpers\GeometryGenerator.h" />
    <ClInclude Include="src\graphics\Helpers\TextureUtilities.h" />
    <ClInclude Include="src\graphics\Shaders\BasicShader.h" />
    <ClInclude Include="src\graphics\Shaders\TextureLightShader.h" />
    <ClInclude Include="src\graphics\Helpers\Lights.h" />
    <ClInclude Include="src\common\commontypes.h" />
    <ClInclude Include="src\graphics\Shaders\BatchShader.h" />
    <ClInclude Include="src\graphics\interfaces\Object.h" />
    <ClInclude Include="src\graphics\Helpers\RenderHelper.h" />
    <ClInclude Include="src\graphics\RenderTexture.h" />
    <ClInclude Include="src\common\Globals.h" />
    <ClInclude Include="src\graphics\Shaders\TextureShader.h" />
    <ClInclude Include="src\graphics\Projection.h" />
    <ClInclude Include="src\graphics\Square.h" />
    <ClInclude Include="src\graphics\Helpers\BatchRenderer.h" />
    <ClInclude Include="src\graphics\interfaces\ICamera.h" />
    <ClInclude Include="src\graphics\DDSTextureLoader.h" />
    <ClInclude Include="src\graphics\Shaders\DisplacementShader.h" />
    <ClInclude Include="src\graphics\Shaders\EmptyShader.h" />
    <ClInclude Include="src\COM\COMManager.h" />
    <ClInclude Include="src\physics\World.h" />
    <ClInclude Include="src\physics\CollisionObject.h" />
    <ClInclude Include="src\physics\PhysicsDebugDraw.h" />
    <ClInclude Include="src\graphics\Helpers\GraphicsDebugDraw.h" />
    <ClInclude Include="src\common\Bezier\p2Point.h" />
    <ClInclude Include="src\common\Bezier\BezierEasing.h" />
  </ItemGroup>
  <ItemGroup>
    <FxCompile Include="src\shaders\BasicVertexShader.hlsl" />
    <FxCompile Include="src\shaders\BasicPixelShader.hlsl" />
    <FxCompile Include="src\shaders\TextureLightVertexShader.hlsl" />
    <FxCompile Include="src\shaders\TextureLightPixelShader.hlsl" />
    <FxCompile Include="src\shaders\BatchVertexShader.hlsl" />
    <FxCompile Include="src\shaders\BatchPixelShader.hlsl" />
    <FxCompile Include="src\shaders\TextureVertexShader.hlsl" />
    <FxCompile Include="src\shaders\TexturePixelShader.hlsl" />
    <FxCompile Include="src\shaders\DisplacementMappingVertexShader.hlsl" />
    <FxCompile Include="src\shaders\DisplacementMappingPixelShader.hlsl" />
    <FxCompile Include="src\shaders\DisplacementMappingHullShader.hlsl" />
    <FxCompile Include="src\shaders\DisplacementMappingDomainShader.hlsl" />
    <FxCompile Include="src\shaders\TextureBatchVertexShader.hlsl" />
    <FxCompile Include="src\shaders\TextureBatchPixelShader.hlsl" />
  </ItemGroup>
  <ItemGroup>
    <None Include="src\shaders\Lights.hlsli" />
    <None Include="src\shaders\Materials.hlsli" />
  </ItemGroup>
</Project>