<?xml version="1.0" encoding="utf-8"?>
<Project ToolsVersion="4.0" xmlns="http://schemas.microsoft.com/developer/msbuild/2003">
  <ItemGroup>
    <ClCompile Include="src\winmain.cpp" />
    <ClCompile Include="src\common\common.cpp" />
    <ClCompile Include="src\graphics\WICTextureLoader.cpp" />
    <ClCompile Include="src\graphics\Texture.cpp" />
    <ClCompile Include="src\graphics\Direct3D11.cpp" />
    <ClCompile Include="src\Game.cpp" />
    <ClCompile Include="src\input\Keyboard.cpp" />
    <ClCompile Include="src\input\Mouse.cpp" />
    <ClCompile Include="src\imgui\imgui.cpp" />
    <ClCompile Include="src\imgui\imgui_demo.cpp" />
    <ClCompile Include="src\imgui\imgui_draw.cpp" />
    <ClCompile Include="src\imgui\imgui_impl_dx11.cpp" />
    <ClCompile Include="src\graphics\BasicShader.cpp" />
    <ClCompile Include="src\graphics\Camera.cpp" />
    <ClCompile Include="src\graphics\Model.cpp" />
    <ClCompile Include="src\graphics\interfaces\Shader.cpp" />
  </ItemGroup>
  <ItemGroup>
    <ClInclude Include="src\common\commonmath.h" />
    <ClInclude Include="src\common\common.h" />
    <ClInclude Include="src\OblivionInclude.h" />
    <ClInclude Include="src\graphics\WICTextureLoader.h" />
    <ClInclude Include="src\graphics\TextureUtilities.h" />
    <ClInclude Include="src\graphics\ShaderHelper.h" />
    <ClInclude Include="src\graphics\Texture.h" />
    <ClInclude Include="src\graphics\Direct3D11.h" />
    <ClInclude Include="src\Game.h" />
    <ClInclude Include="src\input\Keyboard.h" />
    <ClInclude Include="src\input\Mouse.h" />
    <ClInclude Include="src\input\PlatformHelpers.h" />
    <ClInclude Include="src\imgui\imconfig.h" />
    <ClInclude Include="src\imgui\imgui.h" />
    <ClInclude Include="src\imgui\imgui_impl_dx11.h" />
    <ClInclude Include="src\imgui\imgui_internal.h" />
    <ClInclude Include="src\imgui\stb_rect_pack.h" />
    <ClInclude Include="src\imgui\stb_textedit.h" />
    <ClInclude Include="src\imgui\stb_truetype.h" />
    <ClInclude Include="src\graphics\interfaces\Shader.h" />
    <ClInclude Include="src\graphics\BasicShader.h" />
    <ClInclude Include="src\graphics\interfaces\GameObject.h" />
    <ClInclude Include="src\graphics\interfaces\AlignedObject.h" />
    <ClInclude Include="src\graphics\interfaces\Camera.h" />
    <ClInclude Include="src\graphics\Camera.h" />
    <ClInclude Include="src\graphics\Model.h" />
  </ItemGroup>
  <ItemGroup>
    <FxCompile Include="src\shaders\BasicVertexShader.hlsl" />
    <FxCompile Include="src\shaders\BasicPixelShader.hlsl" />
  </ItemGroup>
</Project>